{
  "name": "ruff-action",
  "version": "1.0.0",
  "lockfileVersion": 3,
  "requires": true,
  "packages": {
    "": {
      "name": "ruff-action",
      "version": "1.0.0",
      "license": "Apache-2.0",
      "dependencies": {
        "@actions/core": "^1.11.1",
        "@actions/exec": "^1.1.1",
        "@actions/tool-cache": "^2.0.2",
        "@octokit/core": "^7.0.3",
        "@octokit/plugin-paginate-rest": "^13.1.1",
        "@octokit/plugin-rest-endpoint-methods": "^16.0.0",
        "@renovatebot/pep440": "^4.1.0",
        "smol-toml": "^1.4.1"
      },
      "devDependencies": {
        "@biomejs/biome": "2.1.4",
        "@types/js-yaml": "^4.0.9",
        "@types/node": "^24.9.1",
        "@types/semver": "^7.7.0",
        "@vercel/ncc": "^0.38.3",
        "js-yaml": "^4.1.0",
        "typescript": "^5.9.2"
      }
    },
    "node_modules/@actions/core": {
      "version": "1.11.1",
      "resolved": "https://registry.npmjs.org/@actions/core/-/core-1.11.1.tgz",
      "integrity": "sha512-hXJCSrkwfA46Vd9Z3q4cpEpHB1rL5NG04+/rbqW9d3+CSvtB1tYe8UTpAlixa1vj0m/ULglfEK2UKxMGxCxv5A==",
      "dependencies": {
        "@actions/exec": "^1.1.1",
        "@actions/http-client": "^2.0.1"
      }
    },
    "node_modules/@actions/exec": {
      "version": "1.1.1",
      "resolved": "https://registry.npmjs.org/@actions/exec/-/exec-1.1.1.tgz",
      "integrity": "sha512-+sCcHHbVdk93a0XT19ECtO/gIXoxvdsgQLzb2fE2/5sIZmWQuluYyjPQtrtTHdU1YzTZ7bAPN4sITq2xi1679w==",
      "dependencies": {
        "@actions/io": "^1.0.1"
      }
    },
    "node_modules/@actions/http-client": {
      "version": "2.2.3",
      "resolved": "https://registry.npmjs.org/@actions/http-client/-/http-client-2.2.3.tgz",
      "integrity": "sha512-mx8hyJi/hjFvbPokCg4uRd4ZX78t+YyRPtnKWwIl+RzNaVuFpQHfmlGVfsKEJN8LwTCvL+DfVgAM04XaHkm6bA==",
      "dependencies": {
        "tunnel": "^0.0.6",
        "undici": "^5.25.4"
      }
    },
    "node_modules/@actions/io": {
      "version": "1.1.3",
      "resolved": "https://registry.npmjs.org/@actions/io/-/io-1.1.3.tgz",
      "integrity": "sha512-wi9JjgKLYS7U/z8PPbco+PvTb/nRWjeoFlJ1Qer83k/3C5PHQi28hiVdeE2kHXmIL99mQFawx8qt/JPjZilJ8Q=="
    },
    "node_modules/@actions/tool-cache": {
      "version": "2.0.2",
      "resolved": "https://registry.npmjs.org/@actions/tool-cache/-/tool-cache-2.0.2.tgz",
      "integrity": "sha512-fBhNNOWxuoLxztQebpOaWu6WeVmuwa77Z+DxIZ1B+OYvGkGQon6kTVg6Z32Cb13WCuw0szqonK+hh03mJV7Z6w==",
      "dependencies": {
        "@actions/core": "^1.11.1",
        "@actions/exec": "^1.0.0",
        "@actions/http-client": "^2.0.1",
        "@actions/io": "^1.1.1",
        "semver": "^6.1.0"
      }
    },
    "node_modules/@biomejs/biome": {
      "version": "2.1.4",
      "resolved": "https://registry.npmjs.org/@biomejs/biome/-/biome-2.1.4.tgz",
      "integrity": "sha512-QWlrqyxsU0FCebuMnkvBIkxvPqH89afiJzjMl+z67ybutse590jgeaFdDurE9XYtzpjRGTI1tlUZPGWmbKsElA==",
      "dev": true,
      "license": "MIT OR Apache-2.0",
      "bin": {
        "biome": "bin/biome"
      },
      "engines": {
        "node": ">=14.21.3"
      },
      "funding": {
        "type": "opencollective",
        "url": "https://opencollective.com/biome"
      },
      "optionalDependencies": {
        "@biomejs/cli-darwin-arm64": "2.1.4",
        "@biomejs/cli-darwin-x64": "2.1.4",
        "@biomejs/cli-linux-arm64": "2.1.4",
        "@biomejs/cli-linux-arm64-musl": "2.1.4",
        "@biomejs/cli-linux-x64": "2.1.4",
        "@biomejs/cli-linux-x64-musl": "2.1.4",
        "@biomejs/cli-win32-arm64": "2.1.4",
        "@biomejs/cli-win32-x64": "2.1.4"
      }
    },
    "node_modules/@biomejs/cli-darwin-arm64": {
      "version": "2.1.4",
      "resolved": "https://registry.npmjs.org/@biomejs/cli-darwin-arm64/-/cli-darwin-arm64-2.1.4.tgz",
      "integrity": "sha512-sCrNENE74I9MV090Wq/9Dg7EhPudx3+5OiSoQOkIe3DLPzFARuL1dOwCWhKCpA3I5RHmbrsbNSRfZwCabwd8Qg==",
      "cpu": [
        "arm64"
      ],
      "dev": true,
      "license": "MIT OR Apache-2.0",
      "optional": true,
      "os": [
        "darwin"
      ],
      "engines": {
        "node": ">=14.21.3"
      }
    },
    "node_modules/@biomejs/cli-darwin-x64": {
      "version": "2.1.4",
      "resolved": "https://registry.npmjs.org/@biomejs/cli-darwin-x64/-/cli-darwin-x64-2.1.4.tgz",
      "integrity": "sha512-gOEICJbTCy6iruBywBDcG4X5rHMbqCPs3clh3UQ+hRKlgvJTk4NHWQAyHOXvaLe+AxD1/TNX1jbZeffBJzcrOw==",
      "cpu": [
        "x64"
      ],
      "dev": true,
      "license": "MIT OR Apache-2.0",
      "optional": true,
      "os": [
        "darwin"
      ],
      "engines": {
        "node": ">=14.21.3"
      }
    },
    "node_modules/@biomejs/cli-linux-arm64": {
      "version": "2.1.4",
      "resolved": "https://registry.npmjs.org/@biomejs/cli-linux-arm64/-/cli-linux-arm64-2.1.4.tgz",
      "integrity": "sha512-juhEkdkKR4nbUi5k/KRp1ocGPNWLgFRD4NrHZSveYrD6i98pyvuzmS9yFYgOZa5JhaVqo0HPnci0+YuzSwT2fw==",
      "cpu": [
        "arm64"
      ],
      "dev": true,
      "license": "MIT OR Apache-2.0",
      "optional": true,
      "os": [
        "linux"
      ],
      "engines": {
        "node": ">=14.21.3"
      }
    },
    "node_modules/@biomejs/cli-linux-arm64-musl": {
      "version": "2.1.4",
      "resolved": "https://registry.npmjs.org/@biomejs/cli-linux-arm64-musl/-/cli-linux-arm64-musl-2.1.4.tgz",
      "integrity": "sha512-nYr7H0CyAJPaLupFE2cH16KZmRC5Z9PEftiA2vWxk+CsFkPZQ6dBRdcC6RuS+zJlPc/JOd8xw3uCCt9Pv41WvQ==",
      "cpu": [
        "arm64"
      ],
      "dev": true,
      "license": "MIT OR Apache-2.0",
      "optional": true,
      "os": [
        "linux"
      ],
      "engines": {
        "node": ">=14.21.3"
      }
    },
    "node_modules/@biomejs/cli-linux-x64": {
      "version": "2.1.4",
      "resolved": "https://registry.npmjs.org/@biomejs/cli-linux-x64/-/cli-linux-x64-2.1.4.tgz",
      "integrity": "sha512-Eoy9ycbhpJVYuR+LskV9s3uyaIkp89+qqgqhGQsWnp/I02Uqg2fXFblHJOpGZR8AxdB9ADy87oFVxn9MpFKUrw==",
      "cpu": [
        "x64"
      ],
      "dev": true,
      "license": "MIT OR Apache-2.0",
      "optional": true,
      "os": [
        "linux"
      ],
      "engines": {
        "node": ">=14.21.3"
      }
    },
    "node_modules/@biomejs/cli-linux-x64-musl": {
      "version": "2.1.4",
      "resolved": "https://registry.npmjs.org/@biomejs/cli-linux-x64-musl/-/cli-linux-x64-musl-2.1.4.tgz",
      "integrity": "sha512-lvwvb2SQQHctHUKvBKptR6PLFCM7JfRjpCCrDaTmvB7EeZ5/dQJPhTYBf36BE/B4CRWR2ZiBLRYhK7hhXBCZAg==",
      "cpu": [
        "x64"
      ],
      "dev": true,
      "license": "MIT OR Apache-2.0",
      "optional": true,
      "os": [
        "linux"
      ],
      "engines": {
        "node": ">=14.21.3"
      }
    },
    "node_modules/@biomejs/cli-win32-arm64": {
      "version": "2.1.4",
      "resolved": "https://registry.npmjs.org/@biomejs/cli-win32-arm64/-/cli-win32-arm64-2.1.4.tgz",
      "integrity": "sha512-3WRYte7orvyi6TRfIZkDN9Jzoogbv+gSvR+b9VOXUg1We1XrjBg6WljADeVEaKTvOcpVdH0a90TwyOQ6ue4fGw==",
      "cpu": [
        "arm64"
      ],
      "dev": true,
      "license": "MIT OR Apache-2.0",
      "optional": true,
      "os": [
        "win32"
      ],
      "engines": {
        "node": ">=14.21.3"
      }
    },
    "node_modules/@biomejs/cli-win32-x64": {
      "version": "2.1.4",
      "resolved": "https://registry.npmjs.org/@biomejs/cli-win32-x64/-/cli-win32-x64-2.1.4.tgz",
      "integrity": "sha512-tBc+W7anBPSFXGAoQW+f/+svkpt8/uXfRwDzN1DvnatkRMt16KIYpEi/iw8u9GahJlFv98kgHcIrSsZHZTR0sw==",
      "cpu": [
        "x64"
      ],
      "dev": true,
      "license": "MIT OR Apache-2.0",
      "optional": true,
      "os": [
        "win32"
      ],
      "engines": {
        "node": ">=14.21.3"
      }
    },
    "node_modules/@fastify/busboy": {
      "version": "2.1.1",
      "resolved": "https://registry.npmjs.org/@fastify/busboy/-/busboy-2.1.1.tgz",
      "integrity": "sha512-vBZP4NlzfOlerQTnba4aqZoMhE/a9HY7HRqoOPaETQcSQuWEIyZMHGfVu6w9wGtGK5fED5qRs2DteVCjOH60sA==",
      "engines": {
        "node": ">=14"
      }
    },
    "node_modules/@octokit/auth-token": {
      "version": "6.0.0",
      "resolved": "https://registry.npmjs.org/@octokit/auth-token/-/auth-token-6.0.0.tgz",
      "integrity": "sha512-P4YJBPdPSpWTQ1NU4XYdvHvXJJDxM6YwpS0FZHRgP7YFkdVxsWcpWGy/NVqlAA7PcPCnMacXlRm1y2PFZRWL/w==",
      "license": "MIT",
      "engines": {
        "node": ">= 20"
      }
    },
    "node_modules/@octokit/core": {
      "version": "7.0.3",
      "resolved": "https://registry.npmjs.org/@octokit/core/-/core-7.0.3.tgz",
      "integrity": "sha512-oNXsh2ywth5aowwIa7RKtawnkdH6LgU1ztfP9AIUCQCvzysB+WeU8o2kyyosDPwBZutPpjZDKPQGIzzrfTWweQ==",
      "license": "MIT",
      "dependencies": {
        "@octokit/auth-token": "^6.0.0",
        "@octokit/graphql": "^9.0.1",
        "@octokit/request": "^10.0.2",
        "@octokit/request-error": "^7.0.0",
        "@octokit/types": "^14.0.0",
        "before-after-hook": "^4.0.0",
        "universal-user-agent": "^7.0.0"
      },
      "engines": {
        "node": ">= 20"
      }
    },
    "node_modules/@octokit/endpoint": {
      "version": "11.0.0",
      "resolved": "https://registry.npmjs.org/@octokit/endpoint/-/endpoint-11.0.0.tgz",
      "integrity": "sha512-hoYicJZaqISMAI3JfaDr1qMNi48OctWuOih1m80bkYow/ayPw6Jj52tqWJ6GEoFTk1gBqfanSoI1iY99Z5+ekQ==",
      "license": "MIT",
      "dependencies": {
        "@octokit/types": "^14.0.0",
        "universal-user-agent": "^7.0.2"
      },
      "engines": {
        "node": ">= 20"
      }
    },
    "node_modules/@octokit/graphql": {
      "version": "9.0.1",
      "resolved": "https://registry.npmjs.org/@octokit/graphql/-/graphql-9.0.1.tgz",
      "integrity": "sha512-j1nQNU1ZxNFx2ZtKmL4sMrs4egy5h65OMDmSbVyuCzjOcwsHq6EaYjOTGXPQxgfiN8dJ4CriYHk6zF050WEULg==",
      "license": "MIT",
      "dependencies": {
        "@octokit/request": "^10.0.2",
        "@octokit/types": "^14.0.0",
        "universal-user-agent": "^7.0.0"
      },
      "engines": {
        "node": ">= 20"
      }
    },
    "node_modules/@octokit/openapi-types": {
      "version": "25.1.0",
      "resolved": "https://registry.npmjs.org/@octokit/openapi-types/-/openapi-types-25.1.0.tgz",
      "integrity": "sha512-idsIggNXUKkk0+BExUn1dQ92sfysJrje03Q0bv0e+KPLrvyqZF8MnBpFz8UNfYDwB3Ie7Z0TByjWfzxt7vseaA==",
      "license": "MIT"
    },
    "node_modules/@octokit/plugin-paginate-rest": {
      "version": "13.1.1",
      "resolved": "https://registry.npmjs.org/@octokit/plugin-paginate-rest/-/plugin-paginate-rest-13.1.1.tgz",
      "integrity": "sha512-q9iQGlZlxAVNRN2jDNskJW/Cafy7/XE52wjZ5TTvyhyOD904Cvx//DNyoO3J/MXJ0ve3rPoNWKEg5iZrisQSuw==",
      "license": "MIT",
      "dependencies": {
        "@octokit/types": "^14.1.0"
      },
      "engines": {
        "node": ">= 20"
      },
      "peerDependencies": {
        "@octokit/core": ">=6"
      }
    },
    "node_modules/@octokit/plugin-rest-endpoint-methods": {
      "version": "16.0.0",
      "resolved": "https://registry.npmjs.org/@octokit/plugin-rest-endpoint-methods/-/plugin-rest-endpoint-methods-16.0.0.tgz",
      "integrity": "sha512-kJVUQk6/dx/gRNLWUnAWKFs1kVPn5O5CYZyssyEoNYaFedqZxsfYs7DwI3d67hGz4qOwaJ1dpm07hOAD1BXx6g==",
      "license": "MIT",
      "dependencies": {
        "@octokit/types": "^14.1.0"
      },
      "engines": {
        "node": ">= 20"
      },
      "peerDependencies": {
        "@octokit/core": ">=6"
      }
    },
    "node_modules/@octokit/request": {
      "version": "10.0.3",
      "resolved": "https://registry.npmjs.org/@octokit/request/-/request-10.0.3.tgz",
      "integrity": "sha512-V6jhKokg35vk098iBqp2FBKunk3kMTXlmq+PtbV9Gl3TfskWlebSofU9uunVKhUN7xl+0+i5vt0TGTG8/p/7HA==",
      "license": "MIT",
      "dependencies": {
        "@octokit/endpoint": "^11.0.0",
        "@octokit/request-error": "^7.0.0",
        "@octokit/types": "^14.0.0",
        "fast-content-type-parse": "^3.0.0",
        "universal-user-agent": "^7.0.2"
      },
      "engines": {
        "node": ">= 20"
      }
    },
    "node_modules/@octokit/request-error": {
      "version": "7.0.0",
      "resolved": "https://registry.npmjs.org/@octokit/request-error/-/request-error-7.0.0.tgz",
      "integrity": "sha512-KRA7VTGdVyJlh0cP5Tf94hTiYVVqmt2f3I6mnimmaVz4UG3gQV/k4mDJlJv3X67iX6rmN7gSHCF8ssqeMnmhZg==",
      "license": "MIT",
      "dependencies": {
        "@octokit/types": "^14.0.0"
      },
      "engines": {
        "node": ">= 20"
      }
    },
    "node_modules/@octokit/types": {
      "version": "14.1.0",
      "resolved": "https://registry.npmjs.org/@octokit/types/-/types-14.1.0.tgz",
      "integrity": "sha512-1y6DgTy8Jomcpu33N+p5w58l6xyt55Ar2I91RPiIA0xCJBXyUAhXCcmZaDWSANiha7R9a6qJJ2CRomGPZ6f46g==",
      "license": "MIT",
      "dependencies": {
        "@octokit/openapi-types": "^25.1.0"
      }
    },
    "node_modules/@renovatebot/pep440": {
      "version": "4.1.0",
      "resolved": "https://registry.npmjs.org/@renovatebot/pep440/-/pep440-4.1.0.tgz",
      "integrity": "sha512-mo2RxnOSp78Njt1HmgMwjl6FapP4OyIS8HypJlymCvN7AIV2Xf5PmZfl/E3O1WWZ6IjKrfsEAaPWFMi8tnkq3g==",
      "license": "Apache-2.0",
      "engines": {
        "node": "^20.9.0 || ^22.11.0",
        "pnpm": "^9.0.0"
      }
    },
    "node_modules/@types/js-yaml": {
      "version": "4.0.9",
      "resolved": "https://registry.npmjs.org/@types/js-yaml/-/js-yaml-4.0.9.tgz",
      "integrity": "sha512-k4MGaQl5TGo/iipqb2UDG2UwjXziSWkh0uysQelTlJpX1qGlpUZYm8PnO4DxG1qBomtJUdYJ6qR6xdIah10JLg==",
      "dev": true,
      "license": "MIT"
    },
    "node_modules/@types/node": {
      "version": "24.9.1",
      "resolved": "https://registry.npmjs.org/@types/node/-/node-24.9.1.tgz",
      "integrity": "sha512-QoiaXANRkSXK6p0Duvt56W208du4P9Uye9hWLWgGMDTEoKPhuenzNcC4vGUmrNkiOKTlIrBoyNQYNpSwfEZXSg==",
      "dev": true,
      "license": "MIT",
      "dependencies": {
        "undici-types": "~7.16.0"
      }
    },
    "node_modules/@types/semver": {
      "version": "7.7.0",
      "resolved": "https://registry.npmjs.org/@types/semver/-/semver-7.7.0.tgz",
      "integrity": "sha512-k107IF4+Xr7UHjwDc7Cfd6PRQfbdkiRabXGRjo07b4WyPahFBZCZ1sE+BNxYIJPPg73UkfOsVOLwqVc/6ETrIA==",
      "dev": true,
      "license": "MIT"
    },
    "node_modules/@vercel/ncc": {
      "version": "0.38.3",
      "resolved": "https://registry.npmjs.org/@vercel/ncc/-/ncc-0.38.3.tgz",
      "integrity": "sha512-rnK6hJBS6mwc+Bkab+PGPs9OiS0i/3kdTO+CkI8V0/VrW3vmz7O2Pxjw/owOlmo6PKEIxRSeZKv/kuL9itnpYA==",
      "dev": true,
      "bin": {
        "ncc": "dist/ncc/cli.js"
      }
    },
    "node_modules/argparse": {
      "version": "2.0.1",
      "resolved": "https://registry.npmjs.org/argparse/-/argparse-2.0.1.tgz",
      "integrity": "sha512-8+9WqebbFzpX9OR+Wa6O29asIogeRMzcGtAINdpMHHyAg10f05aSFVBbcEqGf/PXw1EjAZ+q2/bEBg3DvurK3Q==",
      "dev": true
    },
    "node_modules/before-after-hook": {
      "version": "4.0.0",
      "resolved": "https://registry.npmjs.org/before-after-hook/-/before-after-hook-4.0.0.tgz",
      "integrity": "sha512-q6tR3RPqIB1pMiTRMFcZwuG5T8vwp+vUvEG0vuI6B+Rikh5BfPp2fQ82c925FOs+b0lcFQ8CFrL+KbilfZFhOQ==",
      "license": "Apache-2.0"
    },
    "node_modules/fast-content-type-parse": {
      "version": "3.0.0",
      "resolved": "https://registry.npmjs.org/fast-content-type-parse/-/fast-content-type-parse-3.0.0.tgz",
      "integrity": "sha512-ZvLdcY8P+N8mGQJahJV5G4U88CSvT1rP8ApL6uETe88MBXrBHAkZlSEySdUlyztF7ccb+Znos3TFqaepHxdhBg==",
      "funding": [
        {
          "type": "github",
          "url": "https://github.com/sponsors/fastify"
        },
        {
          "type": "opencollective",
          "url": "https://opencollective.com/fastify"
        }
      ],
      "license": "MIT"
    },
    "node_modules/js-yaml": {
      "version": "4.1.0",
      "resolved": "https://registry.npmjs.org/js-yaml/-/js-yaml-4.1.0.tgz",
      "integrity": "sha512-wpxZs9NoxZaJESJGIZTyDEaYpl0FKSA+FB9aJiyemKhMwkxQg63h4T1KJgUGHpTqPDNRcmmYLugrRjJlBtWvRA==",
      "dev": true,
      "dependencies": {
        "argparse": "^2.0.1"
      },
      "bin": {
        "js-yaml": "bin/js-yaml.js"
      }
    },
    "node_modules/semver": {
      "version": "6.3.1",
      "resolved": "https://registry.npmjs.org/semver/-/semver-6.3.1.tgz",
      "integrity": "sha512-BR7VvDCVHO+q2xBEWskxS6DJE1qRnb7DxzUrogb71CWoSficBxYsiAGd+Kl0mmq/MprG9yArRkyrQxTO6XjMzA==",
      "bin": {
        "semver": "bin/semver.js"
      }
    },
    "node_modules/smol-toml": {
      "version": "1.4.1",
      "resolved": "https://registry.npmjs.org/smol-toml/-/smol-toml-1.4.1.tgz",
      "integrity": "sha512-CxdwHXyYTONGHThDbq5XdwbFsuY4wlClRGejfE2NtwUtiHYsP1QtNsHb/hnj31jKYSchztJsaA8pSQoVzkfCFg==",
      "license": "BSD-3-Clause",
      "engines": {
        "node": ">= 18"
      },
      "funding": {
        "url": "https://github.com/sponsors/cyyynthia"
      }
    },
    "node_modules/tunnel": {
      "version": "0.0.6",
      "resolved": "https://registry.npmjs.org/tunnel/-/tunnel-0.0.6.tgz",
      "integrity": "sha512-1h/Lnq9yajKY2PEbBadPXj3VxsDDu844OnaAo52UVmIzIvwwtBPIuNvkjuzBlTWpfJyUbG3ez0KSBibQkj4ojg==",
      "engines": {
        "node": ">=0.6.11 <=0.7.0 || >=0.7.3"
      }
    },
    "node_modules/typescript": {
      "version": "5.9.2",
      "resolved": "https://registry.npmjs.org/typescript/-/typescript-5.9.2.tgz",
      "integrity": "sha512-CWBzXQrc/qOkhidw1OzBTQuYRbfyxDXJMVJ1XNwUHGROVmuaeiEm3OslpZ1RV96d7SKKjZKrSJu3+t/xlw3R9A==",
      "dev": true,
      "license": "Apache-2.0",
      "bin": {
        "tsc": "bin/tsc",
        "tsserver": "bin/tsserver"
      },
      "engines": {
        "node": ">=14.17"
      }
    },
    "node_modules/undici": {
      "version": "5.29.0",
      "resolved": "https://registry.npmjs.org/undici/-/undici-5.29.0.tgz",
      "integrity": "sha512-raqeBD6NQK4SkWhQzeYKd1KmIG6dllBOTt55Rmkt4HtI9mwdWtJljnrXjAFUBLTSN67HWrOIZ3EPF4kjUw80Bg==",
      "license": "MIT",
      "dependencies": {
        "@fastify/busboy": "^2.0.0"
      },
      "engines": {
        "node": ">=14.0"
      }
    },
    "node_modules/undici-types": {
      "version": "7.16.0",
      "resolved": "https://registry.npmjs.org/undici-types/-/undici-types-7.16.0.tgz",
      "integrity": "sha512-Zz+aZWSj8LE6zoxD+xrjh4VfkIG8Ya6LvYkZqtUQGJPZjYl53ypCaUwWqo7eI0x66KBGeRo+mlBEkMSeSZ38Nw==",
      "dev": true,
      "license": "MIT"
    },
    "node_modules/universal-user-agent": {
      "version": "7.0.3",
      "resolved": "https://registry.npmjs.org/universal-user-agent/-/universal-user-agent-7.0.3.tgz",
      "integrity": "sha512-TmnEAEAsBJVZM/AADELsK76llnwcf9vMKuPz8JflO1frO8Lchitr0fNaN9d+Ap0BjKtqWqd/J17qeDnXh8CL2A==",
      "license": "ISC"
    }
  }
}
