version = 1
revision = 1
requires-python = ">=3.11"

[[package]]
name = "example-project"
version = "0.1.0"
source = { editable = "." }
dependencies = [
    { name = "ruff" },
]

[package.metadata]
requires-dist = [{ name = "ruff", specifier = ">=0.9.0" }]

[[package]]
name = "ruff"
version = "0.9.5"
source = { registry = "https://pypi.org/simple" }
sdist = { url = "https://files.pythonhosted.org/packages/source/r/ruff/ruff-0.9.5.tar.gz", hash = "sha256:11aecd7a633932875ab3cb05a484c99970b9d52606ce9ea912b690b02653d56c", size = 3634177 }
